{
  "name": "hyper-plugins",
  "version": "0.0.1",
  "lockfileVersion": 1,
  "dependencies": {
    "color": {
      "version": "1.0.3",
      "resolved": "https://registry.npmjs.org/color/-/color-1.0.3.tgz",
      "integrity": "sha1-5I6DLYXxTvaU+0aIEcLVz+cptV0="
    },
    "color-convert": {
      "version": "1.9.0",
      "resolved": "https://registry.npmjs.org/color-convert/-/color-convert-1.9.0.tgz",
      "integrity": "sha1-Gsz5fdc5uYO/mU1W/sj5WFNkG3o="
    },
    "color-name": {
      "version": "1.1.2",
      "resolved": "https://registry.npmjs.org/color-name/-/color-name-1.1.2.tgz",
      "integrity": "sha1-XIq3K2S9IhXWF66VWeuxSEdc+Y0="
    },
    "color-string": {
      "version": "1.5.2",
      "resolved": "https://registry.npmjs.org/color-string/-/color-string-1.5.2.tgz",
      "integrity": "sha1-JuRYFLw8mny9Z1FkikFDRRSnc6k="
    },
    "email-regex": {
      "version": "1.0.0",
      "resolved": "https://registry.npmjs.org/email-regex/-/email-regex-1.0.0.tgz",
      "integrity": "sha1-FsCPH6gxCQcJASdDCmhWJyi9Aps="
    },
    "escape-html": {
      "version": "1.0.3",
      "resolved": "https://registry.npmjs.org/escape-html/-/escape-html-1.0.3.tgz",
      "integrity": "sha1-Aljq5NPQwJdN4cFpGI7wBR0dGYg="
    },
    "hyper-hide-title": {
      "version": "1.0.0",
      "resolved": "https://registry.npmjs.org/hyper-hide-title/-/hyper-hide-title-1.0.0.tgz",
      "integrity": "sha1-h25pLHugXWY6eKfSl0U+PbRWbMw="
    },
    "hyper-snazzy": {
      "version": "1.2.0",
      "resolved": "https://registry.npmjs.org/hyper-snazzy/-/hyper-snazzy-1.2.0.tgz",
      "integrity": "sha1-XEoIc7sq0+ozuGTnwMCnL0mGO+M="
    },
    "hyper-statusline": {
      "version": "1.6.9",
      "resolved": "https://registry.npmjs.org/hyper-statusline/-/hyper-statusline-1.6.9.tgz",
      "integrity": "sha1-QZyvPEZLcfiWhp38COS9GKZlEMo="
    },
    "hyper-tabs-enhanced": {
      "version": "0.4.0",
      "resolved": "https://registry.npmjs.org/hyper-tabs-enhanced/-/hyper-tabs-enhanced-0.4.0.tgz",
      "integrity": "sha1-UIm90cAV6zcQsv4ZLRm+y617oo8="
    },
    "hyperlinks": {
      "version": "0.5.0",
      "resolved": "https://registry.npmjs.org/hyperlinks/-/hyperlinks-0.5.0.tgz",
      "integrity": "sha1-4ugk1vUDZT0mv04nNaPbJHQ/TU4="
    },
    "hyperterm-material-theme": {
      "version": "0.1.3",
      "resolved": "https://registry.npmjs.org/hyperterm-material-theme/-/hyperterm-material-theme-0.1.3.tgz",
      "integrity": "sha1-Pu9+h68kjcJSxtD1cHnF0vkEuUc="
    },
    "ip-regex": {
      "version": "2.0.0",
      "resolved": "https://registry.npmjs.org/ip-regex/-/ip-regex-2.0.0.tgz",
      "integrity": "sha1-kTqS2wI3I9bRo4uHTFQ4kxZbJP8="
    },
    "is-arrayish": {
      "version": "0.3.1",
      "resolved": "https://registry.npmjs.org/is-arrayish/-/is-arrayish-0.3.1.tgz",
      "integrity": "sha1-wt/DhquqDD4zxI2z/ocFnmkGXv0="
    },
    "os-homedir": {
      "version": "1.0.2",
      "resolved": "https://registry.npmjs.org/os-homedir/-/os-homedir-1.0.2.tgz",
      "integrity": "sha1-/7xJiDNuDoM94MFox+8VISGqf7M="
    },
    "simple-swizzle": {
      "version": "0.2.2",
      "resolved": "https://registry.npmjs.org/simple-swizzle/-/simple-swizzle-0.2.2.tgz",
      "integrity": "sha1-pNprY1/8zMoz9w0Xy5JZLeleVXo="
    },
    "tildify": {
      "version": "1.2.0",
      "resolved": "https://registry.npmjs.org/tildify/-/tildify-1.2.0.tgz",
      "integrity": "sha1-3OwD9V3Km3qj5bBPIYF+tW5jWIo="
    },
    "url-regex": {
      "version": "4.0.0",
      "resolved": "https://registry.npmjs.org/url-regex/-/url-regex-4.0.0.tgz",
      "integrity": "sha1-60j7rzgPv0yVLHbr0tLOAPm0yjI=",
      "dependencies": {
        "ip-regex": {
          "version": "1.0.3",
          "resolved": "https://registry.npmjs.org/ip-regex/-/ip-regex-1.0.3.tgz",
          "integrity": "sha1-3FiQdvZZ9BnCIgOaMzFvHHOH7/0="
        }
      }
    }
  }
}
