{
  "name": "hyper-plugins",
  "version": "0.0.1",
  "lockfileVersion": 1,
  "dependencies": {
    "email-regex": {
      "version": "1.0.0",
      "resolved": "https://registry.npmjs.org/email-regex/-/email-regex-1.0.0.tgz",
      "integrity": "sha1-FsCPH6gxCQcJASdDCmhWJyi9Aps="
    },
    "escape-html": {
      "version": "1.0.3",
      "resolved": "https://registry.npmjs.org/escape-html/-/escape-html-1.0.3.tgz",
      "integrity": "sha1-Aljq5NPQwJdN4cFpGI7wBR0dGYg="
    },
    "hyper-one-light": {
      "version": "1.1.3",
      "resolved": "https://registry.npmjs.org/hyper-one-light/-/hyper-one-light-1.1.3.tgz",
      "integrity": "sha1-kNOyn+92YN0MTCvzk+AM/XDnJBY="
    },
    "hyperlinks": {
      "version": "0.5.0",
      "resolved": "https://registry.npmjs.org/hyperlinks/-/hyperlinks-0.5.0.tgz",
      "integrity": "sha1-4ugk1vUDZT0mv04nNaPbJHQ/TU4="
    },
    "ip-regex": {
      "version": "2.0.0",
      "resolved": "https://registry.npmjs.org/ip-regex/-/ip-regex-2.0.0.tgz",
      "integrity": "sha1-kTqS2wI3I9bRo4uHTFQ4kxZbJP8="
    },
    "url-regex": {
      "version": "4.0.0",
      "resolved": "https://registry.npmjs.org/url-regex/-/url-regex-4.0.0.tgz",
      "integrity": "sha1-60j7rzgPv0yVLHbr0tLOAPm0yjI=",
      "dependencies": {
        "ip-regex": {
          "version": "1.0.3",
          "resolved": "https://registry.npmjs.org/ip-regex/-/ip-regex-1.0.3.tgz",
          "integrity": "sha1-3FiQdvZZ9BnCIgOaMzFvHHOH7/0="
        }
      }
    }
  }
}
